
Microsoft Visual Studio Solution File, Format Version 12.00
# Visual Studio 2013
VisualStudioVersion = 12.0.21005.1
MinimumVisualStudioVersion = 10.0.40219.1
Project("{FAE04EC0-301F-11D3-BF4B-00C04F79EFBC}") = "NTire.Dto", "NTire.Dto\NTire.Dto.csproj", "{517DDFA3-8F72-43DA-B7A5-F39191F4ED53}"
EndProject
Project("{FAE04EC0-301F-11D3-BF4B-00C04F79EFBC}") = "Ba.CustomControls", "Ba.CustomControls\Ba.CustomControls.csproj", "{F23C3896-5E8F-467D-86AC-A4FA6B4446D6}"
EndProject
Project("{FAE04EC0-301F-11D3-BF4B-00C04F79EFBC}") = "NTire.UI.WinForms", "NTire.UI.WinForms\NTire.UI.WinForms.csproj", "{2EC9AECD-D660-40E1-B897-A3FCFE00B646}"
EndProject
Global
	GlobalSection(SolutionConfigurationPlatforms) = preSolution
		Debug|Any CPU = Debug|Any CPU
		Release|Any CPU = Release|Any CPU
	EndGlobalSection
	GlobalSection(ProjectConfigurationPlatforms) = postSolution
		{517DDFA3-8F72-43DA-B7A5-F39191F4ED53}.Debug|Any CPU.ActiveCfg = Debug|Any CPU
		{517DDFA3-8F72-43DA-B7A5-F39191F4ED53}.Debug|Any CPU.Build.0 = Debug|Any CPU
		{517DDFA3-8F72-43DA-B7A5-F39191F4ED53}.Release|Any CPU.ActiveCfg = Release|Any CPU
		{517DDFA3-8F72-43DA-B7A5-F39191F4ED53}.Release|Any CPU.Build.0 = Release|Any CPU
		{F23C3896-5E8F-467D-86AC-A4FA6B4446D6}.Debug|Any CPU.ActiveCfg = Debug|Any CPU
		{F23C3896-5E8F-467D-86AC-A4FA6B4446D6}.Debug|Any CPU.Build.0 = Debug|Any CPU
		{F23C3896-5E8F-467D-86AC-A4FA6B4446D6}.Release|Any CPU.ActiveCfg = Release|Any CPU
		{F23C3896-5E8F-467D-86AC-A4FA6B4446D6}.Release|Any CPU.Build.0 = Release|Any CPU
		{2EC9AECD-D660-40E1-B897-A3FCFE00B646}.Debug|Any CPU.ActiveCfg = Debug|Any CPU
		{2EC9AECD-D660-40E1-B897-A3FCFE00B646}.Debug|Any CPU.Build.0 = Debug|Any CPU
		{2EC9AECD-D660-40E1-B897-A3FCFE00B646}.Release|Any CPU.ActiveCfg = Release|Any CPU
		{2EC9AECD-D660-40E1-B897-A3FCFE00B646}.Release|Any CPU.Build.0 = Release|Any CPU
	EndGlobalSection
	GlobalSection(SolutionProperties) = preSolution
		HideSolutionNode = FALSE
	EndGlobalSection
EndGlobal
